
Microsoft Visual Studio Solution File, Format Version 12.00
# Visual Studio 15
VisualStudioVersion = 15.0.27130.0
MinimumVisualStudioVersion = 10.0.40219.1
Project("{8BC9CEB8-8B4A-11D0-8D11-00A0C91BC942}") = "1149-RGB 거리", "1149-RGB 거리\1149-RGB 거리.vcxproj", "{C1F9B16F-2ADB-4C12-A8D9-961D0D72FE72}"
EndProject
Global
	GlobalSection(SolutionConfigurationPlatforms) = preSolution
		Debug|x64 = Debug|x64
		Debug|x86 = Debug|x86
		Release|x64 = Release|x64
		Release|x86 = Release|x86
	EndGlobalSection
	GlobalSection(ProjectConfigurationPlatforms) = postSolution
		{C1F9B16F-2ADB-4C12-A8D9-961D0D72FE72}.Debug|x64.ActiveCfg = Debug|x64
		{C1F9B16F-2ADB-4C12-A8D9-961D0D72FE72}.Debug|x64.Build.0 = Debug|x64
		{C1F9B16F-2ADB-4C12-A8D9-961D0D72FE72}.Debug|x86.ActiveCfg = Debug|Win32
		{C1F9B16F-2ADB-4C12-A8D9-961D0D72FE72}.Debug|x86.Build.0 = Debug|Win32
		{C1F9B16F-2ADB-4C12-A8D9-961D0D72FE72}.Release|x64.ActiveCfg = Release|x64
		{C1F9B16F-2ADB-4C12-A8D9-961D0D72FE72}.Release|x64.Build.0 = Release|x64
		{C1F9B16F-2ADB-4C12-A8D9-961D0D72FE72}.Release|x86.ActiveCfg = Release|Win32
		{C1F9B16F-2ADB-4C12-A8D9-961D0D72FE72}.Release|x86.Build.0 = Release|Win32
	EndGlobalSection
	GlobalSection(SolutionProperties) = preSolution
		HideSolutionNode = FALSE
	EndGlobalSection
	GlobalSection(ExtensibilityGlobals) = postSolution
		SolutionGuid = {68C0A806-69D3-4D5A-9148-CE8079F2DF07}
	EndGlobalSection
EndGlobal
